{
  "name": "assets",
  "lockfileVersion": 2,
  "requires": true,
  "packages": {
    "": {
      "dependencies": {
        "@panzoom/panzoom": "^4.4.4"
      }
    },
    "node_modules/@panzoom/panzoom": {
      "version": "4.4.4",
      "resolved": "https://registry.npmjs.org/@panzoom/panzoom/-/panzoom-4.4.4.tgz",
      "integrity": "sha512-ek82o3JCc/w/v3Iqu1NpwT2XBc5m54HmjCt6xKa1yFd+RKk429cwC6hj8vpjIKiRgTfOZs13RshFpKL8YzcxyA=="
    }
  },
  "dependencies": {
    "@panzoom/panzoom": {
      "version": "4.4.4",
      "resolved": "https://registry.npmjs.org/@panzoom/panzoom/-/panzoom-4.4.4.tgz",
      "integrity": "sha512-ek82o3JCc/w/v3Iqu1NpwT2XBc5m54HmjCt6xKa1yFd+RKk429cwC6hj8vpjIKiRgTfOZs13RshFpKL8YzcxyA=="
    }
  }
}
